{
    "_readme": [
        "This file locks the dependencies of your project to a known state",
        "Read more about it at https://getcomposer.org/doc/01-basic-usage.md#installing-dependencies",
        "This file is @generated automatically"
    ],
    "content-hash": "d008030604cf5952cb7887a01ee00a51",
    "packages": [
        {
            "name": "lcobucci/clock",
            "version": "2.3.0",
            "source": {
                "type": "git",
                "url": "https://github.com/lcobucci/clock.git",
                "reference": "c7aadcd6fd97ed9e199114269c0be3f335e38876"
            },
            "dist": {
                "type": "zip",
                "url": "https://api.github.com/repos/lcobucci/clock/zipball/c7aadcd6fd97ed9e199114269c0be3f335e38876",
                "reference": "c7aadcd6fd97ed9e199114269c0be3f335e38876",
                "shasum": ""
            },
            "require": {
                "php": "~8.1.0 || ~8.2.0",
                "stella-maris/clock": "^0.1.7"
            },
            "provide": {
                "psr/clock-implementation": "1.0"
            },
            "require-dev": {
                "infection/infection": "^0.26",
                "lcobucci/coding-standard": "^9.0",
                "phpstan/extension-installer": "^1.2",
                "phpstan/phpstan": "^1.9.4",
                "phpstan/phpstan-deprecation-rules": "^1.1.1",
                "phpstan/phpstan-phpunit": "^1.3.2",
                "phpstan/phpstan-strict-rules": "^1.4.4",
                "phpunit/phpunit": "^9.5.27"
            },
            "type": "library",
            "autoload": {
                "psr-4": {
                    "Lcobucci\\Clock\\": "src"
                }
            },
            "notification-url": "https://packagist.org/downloads/",
            "license": [
                "MIT"
            ],
            "authors": [
                {
                    "name": "Luís Cobucci",
                    "email": "lcobucci@gmail.com"
                }
            ],
            "description": "Yet another clock abstraction",
            "support": {
                "issues": "https://github.com/lcobucci/clock/issues",
                "source": "https://github.com/lcobucci/clock/tree/2.3.0"
            },
            "funding": [
                {
                    "url": "https://github.com/lcobucci",
                    "type": "github"
                },
                {
                    "url": "https://www.patreon.com/lcobucci",
                    "type": "patreon"
                }
            ],
            "time": "2022-12-19T14:38:11+00:00"
        },
        {
            "name": "lcobucci/jwt",
            "version": "4.0.4",
            "source": {
                "type": "git",
                "url": "https://github.com/lcobucci/jwt.git",
                "reference": "55564265fddf810504110bd68ca311932324b0e9"
            },
            "dist": {
                "type": "zip",
                "url": "https://api.github.com/repos/lcobucci/jwt/zipball/55564265fddf810504110bd68ca311932324b0e9",
                "reference": "55564265fddf810504110bd68ca311932324b0e9",
                "shasum": ""
            },
            "require": {
                "ext-mbstring": "*",
                "ext-openssl": "*",
                "lcobucci/clock": "^2.0",
                "php": "^7.4 || ^8.0"
            },
            "require-dev": {
                "infection/infection": "^0.20",
                "lcobucci/coding-standard": "^6.0",
                "mikey179/vfsstream": "^1.6",
                "phpbench/phpbench": "^0.17",
                "phpstan/extension-installer": "^1.0",
                "phpstan/phpstan": "^0.12",
                "phpstan/phpstan-deprecation-rules": "^0.12",
                "phpstan/phpstan-phpunit": "^0.12",
                "phpstan/phpstan-strict-rules": "^0.12",
                "phpunit/php-invoker": "^3.1",
                "phpunit/phpunit": "^9.4"
            },
            "type": "library",
            "extra": {
                "branch-alias": {
                    "dev-master": "4.0-dev"
                }
            },
            "autoload": {
                "psr-4": {
                    "Lcobucci\\JWT\\": "src"
                }
            },
            "notification-url": "https://packagist.org/downloads/",
            "license": [
                "BSD-3-Clause"
            ],
            "authors": [
                {
                    "name": "Luís Cobucci",
                    "email": "lcobucci@gmail.com",
                    "role": "Developer"
                }
            ],
            "description": "A simple library to work with JSON Web Token and JSON Web Signature",
            "keywords": [
                "JWS",
                "jwt"
            ],
            "support": {
                "issues": "https://github.com/lcobucci/jwt/issues",
                "source": "https://github.com/lcobucci/jwt/tree/4.0.4"
            },
            "funding": [
                {
                    "url": "https://github.com/lcobucci",
                    "type": "github"
                },
                {
                    "url": "https://www.patreon.com/lcobucci",
                    "type": "patreon"
                }
            ],
            "time": "2021-09-28T19:18:28+00:00"
        },
        {
            "name": "psr/clock",
            "version": "1.0.0",
            "source": {
                "type": "git",
                "url": "https://github.com/php-fig/clock.git",
                "reference": "e41a24703d4560fd0acb709162f73b8adfc3aa0d"
            },
            "dist": {
                "type": "zip",
                "url": "https://api.github.com/repos/php-fig/clock/zipball/e41a24703d4560fd0acb709162f73b8adfc3aa0d",
                "reference": "e41a24703d4560fd0acb709162f73b8adfc3aa0d",
                "shasum": ""
            },
            "require": {
                "php": "^7.0 || ^8.0"
            },
            "type": "library",
            "autoload": {
                "psr-4": {
                    "Psr\\Clock\\": "src/"
                }
            },
            "notification-url": "https://packagist.org/downloads/",
            "license": [
                "MIT"
            ],
            "authors": [
                {
                    "name": "PHP-FIG",
                    "homepage": "https://www.php-fig.org/"
                }
            ],
            "description": "Common interface for reading the clock.",
            "homepage": "https://github.com/php-fig/clock",
            "keywords": [
                "clock",
                "now",
                "psr",
                "psr-20",
                "time"
            ],
            "support": {
                "issues": "https://github.com/php-fig/clock/issues",
                "source": "https://github.com/php-fig/clock/tree/1.0.0"
            },
            "time": "2022-11-25T14:36:26+00:00"
        },
        {
            "name": "stella-maris/clock",
            "version": "0.1.7",
            "source": {
                "type": "git",
                "url": "https://github.com/stella-maris-solutions/clock.git",
                "reference": "fa23ce16019289a18bb3446fdecd45befcdd94f8"
            },
            "dist": {
                "type": "zip",
                "url": "https://api.github.com/repos/stella-maris-solutions/clock/zipball/fa23ce16019289a18bb3446fdecd45befcdd94f8",
                "reference": "fa23ce16019289a18bb3446fdecd45befcdd94f8",
                "shasum": ""
            },
            "require": {
                "php": "^7.0|^8.0",
                "psr/clock": "^1.0"
            },
            "type": "library",
            "autoload": {
                "psr-4": {
                    "StellaMaris\\Clock\\": "src"
                }
            },
            "notification-url": "https://packagist.org/downloads/",
            "license": [
                "MIT"
            ],
            "authors": [
                {
                    "name": "Andreas Heigl",
                    "role": "Maintainer"
                }
            ],
            "description": "A pre-release of the proposed PSR-20 Clock-Interface",
            "homepage": "https://gitlab.com/stella-maris/clock",
            "keywords": [
                "clock",
                "datetime",
                "point in time",
                "psr20"
            ],
            "support": {
                "source": "https://github.com/stella-maris-solutions/clock/tree/0.1.7"
            },
            "time": "2022-11-25T16:15:06+00:00"
        }
    ],
    "packages-dev": [],
    "aliases": [],
    "minimum-stability": "stable",
    "stability-flags": [],
    "prefer-stable": false,
    "prefer-lowest": false,
    "platform": [],
    "platform-dev": [],
    "plugin-api-version": "2.3.0"
}
